{
  "version": "5",
  "specifiers": {
    "npm:@supabase/supabase-js@2": "2.110.5"
  },
  "npm": {
    "@supabase/auth-js@2.110.5": {
      "integrity": "sha512-QSlI5CNeEefHP95/GbeMhNgr8aHEHiXFh8c1IWthYyI9ZzBwEigYzJFCw4Ff+GkL8OK9tArBmGGv6rpg5zLXSw==",
      "dependencies": [
        "tslib"
      ]
    },
    "@supabase/functions-js@2.110.5": {
      "integrity": "sha512-nuQuoIoEGT8ukrwr6THlY5v50bSMJ2rqti1FFsGyDaC98POLmcFQVFFh23PVPhRsKWUxrFc0MpmEoHKa7CY4mg==",
      "dependencies": [
        "tslib"
      ]
    },
    "@supabase/phoenix@0.4.4": {
      "integrity": "sha512-Gt0pqoXuIqX/8dvG0OKp/wMCobXNH3klNbUPBNyOfN0YA1IswrM3HyWFMOPk1Jy+BRaIyDPcFx4jLBwHNmlyfQ=="
    },
    "@supabase/postgrest-js@2.110.5": {
      "integrity": "sha512-eObfgBjxLPzFakwMpUmsv8nuNPOhoDhzzN8cwvEvGkxkmuRIZcOCYH9+DRbpKnxh7tgsBZW+KWtaZI2j98b2/g==",
      "dependencies": [
        "tslib"
      ]
    },
    "@supabase/realtime-js@2.110.5": {
      "integrity": "sha512-VtOZxw5jfrc37KgIfFdp9SOFJjtvJ0qU+gT8CPQjL7cqy4DJlaTXacw5aBBogLZksqAI0YN67qhlDaMKFwfOuw==",
      "dependencies": [
        "@supabase/phoenix",
        "tslib"
      ]
    },
    "@supabase/storage-js@2.110.5": {
      "integrity": "sha512-7GkOZlrYknVGVPyijoDbu5OXGvQ2oQ6dkU0juAkIMPZ9QgtmJ8IPrxe76zGSbmzbaC1GdKw7pqeXEi2HT67sbA==",
      "dependencies": [
        "iceberg-js",
        "tslib"
      ]
    },
    "@supabase/supabase-js@2.110.5": {
      "integrity": "sha512-cAO1Nm+CCogRNVXN93bBkh0vjOdLM5e6J9gB/cHV9Lqni/gEmN2HJFrnn4NI33GYIfmlh4Wbm6siH+XXRgpexA==",
      "dependencies": [
        "@supabase/auth-js",
        "@supabase/functions-js",
        "@supabase/postgrest-js",
        "@supabase/realtime-js",
        "@supabase/storage-js"
      ]
    },
    "iceberg-js@0.8.1": {
      "integrity": "sha512-1dhVQZXhcHje7798IVM+xoo/1ZdVfzOMIc8/rgVSijRK38EDqOJoGula9N/8ZI5RD8QTxNQtK/Gozpr+qUqRRA=="
    },
    "tslib@2.8.1": {
      "integrity": "sha512-oJFu94HQb+KVduSUQL7wnpmqnfmLsOA/nAh6b6EH0wCEoK0/mPeXU6c3wKDV83MkOuHPRHtSXKKU99IBazS/2w=="
    }
  }
}
